
Microsoft Visual Studio Solution File, Format Version 12.00
# Visual Studio Version 17
VisualStudioVersion = 17.5.33516.290
MinimumVisualStudioVersion = 10.0.40219.1
Project("{FAE04EC0-301F-11D3-BF4B-00C04F79EFBC}") = "FBM_Simulate", "FBM_Simulate.csproj", "{B486E7E8-5D63-49BD-A37B-4139353CAD0D}"
EndProject
Global
	GlobalSection(SolutionConfigurationPlatforms) = preSolution
		Debug|Any CPU = Debug|Any CPU
		Release|Any CPU = Release|Any CPU
	EndGlobalSection
	GlobalSection(ProjectConfigurationPlatforms) = postSolution
		{B486E7E8-5D63-49BD-A37B-4139353CAD0D}.Debug|Any CPU.ActiveCfg = Debug|Any CPU
		{B486E7E8-5D63-49BD-A37B-4139353CAD0D}.Debug|Any CPU.Build.0 = Debug|Any CPU
		{B486E7E8-5D63-49BD-A37B-4139353CAD0D}.Release|Any CPU.ActiveCfg = Release|Any CPU
		{B486E7E8-5D63-49BD-A37B-4139353CAD0D}.Release|Any CPU.Build.0 = Release|Any CPU
	EndGlobalSection
	GlobalSection(SolutionProperties) = preSolution
		HideSolutionNode = FALSE
	EndGlobalSection
	GlobalSection(ExtensibilityGlobals) = postSolution
		SolutionGuid = {9B2011E5-3607-4B51-8DD2-75E8E83D515F}
	EndGlobalSection
EndGlobal
